
Microsoft Visual Studio Solution File, Format Version 12.00
# Visual Studio Version 17
VisualStudioVersion = 17.7.34031.279
MinimumVisualStudioVersion = 10.0.40219.1
Project("{FAE04EC0-301F-11D3-BF4B-00C04F79EFBC}") = "QuoteWorldAPI", "QuoteWorldAPI.csproj", "{F5A6C60F-55E4-4C47-915F-9B4961288839}"
EndProject
Global
	GlobalSection(SolutionConfigurationPlatforms) = preSolution
		Debug|Any CPU = Debug|Any CPU
		Release|Any CPU = Release|Any CPU
	EndGlobalSection
	GlobalSection(ProjectConfigurationPlatforms) = postSolution
		{F5A6C60F-55E4-4C47-915F-9B4961288839}.Debug|Any CPU.ActiveCfg = Debug|Any CPU
		{F5A6C60F-55E4-4C47-915F-9B4961288839}.Debug|Any CPU.Build.0 = Debug|Any CPU
		{F5A6C60F-55E4-4C47-915F-9B4961288839}.Release|Any CPU.ActiveCfg = Release|Any CPU
		{F5A6C60F-55E4-4C47-915F-9B4961288839}.Release|Any CPU.Build.0 = Release|Any CPU
	EndGlobalSection
	GlobalSection(SolutionProperties) = preSolution
		HideSolutionNode = FALSE
	EndGlobalSection
	GlobalSection(ExtensibilityGlobals) = postSolution
		SolutionGuid = {84C492A2-993F-422C-91DD-3C7BDB59FE14}
	EndGlobalSection
EndGlobal
